
Microsoft Visual Studio Solution File, Format Version 12.00
# Visual Studio 15
VisualStudioVersion = 15.0.28307.421
MinimumVisualStudioVersion = 10.0.40219.1
Project("{FAE04EC0-301F-11D3-BF4B-00C04F79EFBC}") = "VideoWeb.NewDb", "VideoWeb.NewDb\VideoWeb.NewDb.csproj", "{EF226503-DBC3-4890-B453-80880A997529}"
EndProject
Global
	GlobalSection(SolutionConfigurationPlatforms) = preSolution
		Debug|Any CPU = Debug|Any CPU
		Release|Any CPU = Release|Any CPU
	EndGlobalSection
	GlobalSection(ProjectConfigurationPlatforms) = postSolution
		{EF226503-DBC3-4890-B453-80880A997529}.Debug|Any CPU.ActiveCfg = Debug|Any CPU
		{EF226503-DBC3-4890-B453-80880A997529}.Debug|Any CPU.Build.0 = Debug|Any CPU
		{EF226503-DBC3-4890-B453-80880A997529}.Release|Any CPU.ActiveCfg = Release|Any CPU
		{EF226503-DBC3-4890-B453-80880A997529}.Release|Any CPU.Build.0 = Release|Any CPU
	EndGlobalSection
	GlobalSection(SolutionProperties) = preSolution
		HideSolutionNode = FALSE
	EndGlobalSection
	GlobalSection(ExtensibilityGlobals) = postSolution
		SolutionGuid = {3BC8D47E-1954-499A-8B9D-089A3EE93CFA}
	EndGlobalSection
EndGlobal
